
Microsoft Visual Studio Solution File, Format Version 12.00
# Visual Studio 15
VisualStudioVersion = 15.0.27703.2042
MinimumVisualStudioVersion = 10.0.40219.1
Project("{FAE04EC0-301F-11D3-BF4B-00C04F79EFBC}") = "Devops.AppVeyor", "Devops.AppVeyor\Devops.AppVeyor.csproj", "{408E5B7D-DB71-4686-BA02-B959F0C259AA}"
EndProject
Project("{2150E333-8FDC-42A3-9474-1A3956D46DE8}") = "Configuration", "Configuration", "{D643AED3-DC0F-4B1F-8E15-2BF378FC6D0E}"
	ProjectSection(SolutionItems) = preProject
		..\.gitattributes = ..\.gitattributes
		..\.gitignore = ..\.gitignore
		..\appveyor.yml = ..\appveyor.yml
		..\build\build.ps1 = ..\build\build.ps1
		..\build\clean-instance.ps1 = ..\build\clean-instance.ps1
		..\build\common.psm1 = ..\build\common.psm1
		..\build\environment-setup.ps1 = ..\build\environment-setup.ps1
		..\LICENSE = ..\LICENSE
		..\build\publishsettings.targets = ..\build\publishsettings.targets
		..\README.md = ..\README.md
	EndProjectSection
EndProject
Project("{FAE04EC0-301F-11D3-BF4B-00C04F79EFBC}") = "Devops.AppVeyor.Tests.Unit", "Devops.AppVeyor.Tests.Unit\Devops.AppVeyor.Tests.Unit.csproj", "{BA5DF08C-CDA4-440B-9750-084CB7D70018}"
EndProject
Project("{FAE04EC0-301F-11D3-BF4B-00C04F79EFBC}") = "Devops.AppVeyor.Tests.UI", "Devops.AppVeyor.Tests.UI\Devops.AppVeyor.Tests.UI.csproj", "{63183B1A-4E29-4EC1-89BE-A21F92E0FF7E}"
EndProject
Global
	GlobalSection(SolutionConfigurationPlatforms) = preSolution
		Dev|Any CPU = Dev|Any CPU
		Local|Any CPU = Local|Any CPU
		Production|Any CPU = Production|Any CPU
		Test|Any CPU = Test|Any CPU
	EndGlobalSection
	GlobalSection(ProjectConfigurationPlatforms) = postSolution
		{408E5B7D-DB71-4686-BA02-B959F0C259AA}.Dev|Any CPU.ActiveCfg = Release|Any CPU
		{408E5B7D-DB71-4686-BA02-B959F0C259AA}.Dev|Any CPU.Build.0 = Release|Any CPU
		{408E5B7D-DB71-4686-BA02-B959F0C259AA}.Local|Any CPU.ActiveCfg = Debug|Any CPU
		{408E5B7D-DB71-4686-BA02-B959F0C259AA}.Local|Any CPU.Build.0 = Debug|Any CPU
		{408E5B7D-DB71-4686-BA02-B959F0C259AA}.Production|Any CPU.ActiveCfg = Release|Any CPU
		{408E5B7D-DB71-4686-BA02-B959F0C259AA}.Production|Any CPU.Build.0 = Release|Any CPU
		{408E5B7D-DB71-4686-BA02-B959F0C259AA}.Test|Any CPU.ActiveCfg = Release|Any CPU
		{408E5B7D-DB71-4686-BA02-B959F0C259AA}.Test|Any CPU.Build.0 = Release|Any CPU
		{4D22CCF6-11ED-4AB8-9009-929238B149CC}.Dev|Any CPU.ActiveCfg = Dev|Any CPU
		{4D22CCF6-11ED-4AB8-9009-929238B149CC}.Dev|Any CPU.Build.0 = Dev|Any CPU
		{4D22CCF6-11ED-4AB8-9009-929238B149CC}.Local|Any CPU.ActiveCfg = Local|Any CPU
		{4D22CCF6-11ED-4AB8-9009-929238B149CC}.Local|Any CPU.Build.0 = Local|Any CPU
		{4D22CCF6-11ED-4AB8-9009-929238B149CC}.Production|Any CPU.ActiveCfg = Production|Any CPU
		{4D22CCF6-11ED-4AB8-9009-929238B149CC}.Production|Any CPU.Build.0 = Production|Any CPU
		{4D22CCF6-11ED-4AB8-9009-929238B149CC}.Test|Any CPU.ActiveCfg = Test|Any CPU
		{4D22CCF6-11ED-4AB8-9009-929238B149CC}.Test|Any CPU.Build.0 = Test|Any CPU
		{BA5DF08C-CDA4-440B-9750-084CB7D70018}.Dev|Any CPU.ActiveCfg = Release|Any CPU
		{BA5DF08C-CDA4-440B-9750-084CB7D70018}.Dev|Any CPU.Build.0 = Release|Any CPU
		{BA5DF08C-CDA4-440B-9750-084CB7D70018}.Local|Any CPU.ActiveCfg = Debug|Any CPU
		{BA5DF08C-CDA4-440B-9750-084CB7D70018}.Local|Any CPU.Build.0 = Debug|Any CPU
		{BA5DF08C-CDA4-440B-9750-084CB7D70018}.Production|Any CPU.ActiveCfg = Release|Any CPU
		{BA5DF08C-CDA4-440B-9750-084CB7D70018}.Production|Any CPU.Build.0 = Release|Any CPU
		{BA5DF08C-CDA4-440B-9750-084CB7D70018}.Test|Any CPU.ActiveCfg = Release|Any CPU
		{BA5DF08C-CDA4-440B-9750-084CB7D70018}.Test|Any CPU.Build.0 = Release|Any CPU
		{63183B1A-4E29-4EC1-89BE-A21F92E0FF7E}.Dev|Any CPU.ActiveCfg = Release|Any CPU
		{63183B1A-4E29-4EC1-89BE-A21F92E0FF7E}.Dev|Any CPU.Build.0 = Release|Any CPU
		{63183B1A-4E29-4EC1-89BE-A21F92E0FF7E}.Local|Any CPU.ActiveCfg = Debug|Any CPU
		{63183B1A-4E29-4EC1-89BE-A21F92E0FF7E}.Local|Any CPU.Build.0 = Debug|Any CPU
		{63183B1A-4E29-4EC1-89BE-A21F92E0FF7E}.Production|Any CPU.ActiveCfg = Release|Any CPU
		{63183B1A-4E29-4EC1-89BE-A21F92E0FF7E}.Production|Any CPU.Build.0 = Release|Any CPU
		{63183B1A-4E29-4EC1-89BE-A21F92E0FF7E}.Test|Any CPU.ActiveCfg = Release|Any CPU
		{63183B1A-4E29-4EC1-89BE-A21F92E0FF7E}.Test|Any CPU.Build.0 = Release|Any CPU
	EndGlobalSection
	GlobalSection(SolutionProperties) = preSolution
		HideSolutionNode = FALSE
	EndGlobalSection
	GlobalSection(ExtensibilityGlobals) = postSolution
		SolutionGuid = {62752499-9556-4A3E-BDBC-0AD69D4965C8}
	EndGlobalSection
EndGlobal
